# This file is automatically @generated by Cargo.
# It is not intended for manual editing.
version = 4

[[package]]
name = "anyhow"
version = "1.0.104"
source = "registry+https://github.com/rust-lang/crates.io-index"
checksum = "330a5ed07fa54e4702c9d6c4174f74427fc0ef6e214bbd677ae50a5099946470"

[[package]]
name = "greeter"
version = "0.3.0"
source = "git+file:///tmp/holocronix-fixtures/greeter?branch=main#d589aff0246a6e132e679a16d49c0d09803d6cd7"
dependencies = [
 "greeter-core",
 "hex",
]

[[package]]
name = "greeter-core"
version = "0.3.0"
source = "git+file:///tmp/holocronix-fixtures/greeter?branch=main#d589aff0246a6e132e679a16d49c0d09803d6cd7"

[[package]]
name = "hello-rust-git"
version = "0.1.0"
dependencies = [
 "anyhow",
 "greeter",
]

[[package]]
name = "hex"
version = "0.4.3"
source = "registry+https://github.com/rust-lang/crates.io-index"
checksum = "7f24254aa9a54b5c858eaee2f5bccdb46aaf0e486a595ed5fd8f86ba55232a70"
